{
  "name": "genenotebook_scripts",
  "version": "0.3.1-0",
  "lockfileVersion": 1,
  "requires": true,
  "dependencies": {
    "asteroid": {
      "version": "2.0.3",
      "resolved": "https://registry.npmjs.org/asteroid/-/asteroid-2.0.3.tgz",
      "integrity": "sha1-8HgH49U/N1nEbqSl0SVGp7G8FOM=",
      "requires": {
        "ddp.js": "^2.2.0",
        "lodash.assign": "^4.2.0",
        "wolfy87-eventemitter": "^5.1.0"
      }
    },
    "async-limiter": {
      "version": "1.0.0",
      "resolved": "https://registry.npmjs.org/async-limiter/-/async-limiter-1.0.0.tgz",
      "integrity": "sha512-jp/uFnooOiO+L211eZOoSyzpOITMXx1rBITauYykG3BRYPu8h0UcxsPNB04RR5vo4Tyz3+ay17tR6JVf9qzYWg=="
    },
    "commander": {
      "version": "8.0.0",
      "resolved": "https://registry.npmjs.org/commander/-/commander-8.0.0.tgz",
      "integrity": "sha512-Xvf85aAtu6v22+E5hfVoLHqyul/jyxh91zvqk/ioJTQuJR7Z78n7H558vMPKanPSRgIEeZemT92I2g9Y8LPbSQ=="
    },
    "ddp.js": {
      "version": "2.2.1",
      "resolved": "https://registry.npmjs.org/ddp.js/-/ddp.js-2.2.1.tgz",
      "integrity": "sha512-hVcJMnYYd+V17zjxBeoHEF9BHxliY+BCTgtT8Oq0QiIfffLT1C4wtHstfWHBbWRG6uoe/eW6IdmKVJ490/pG5g==",
      "requires": {
        "wolfy87-eventemitter": "^5.2.3"
      }
    },
    "lodash.assign": {
      "version": "4.2.0",
      "resolved": "https://registry.npmjs.org/lodash.assign/-/lodash.assign-4.2.0.tgz",
      "integrity": "sha1-DZnzzNem0mHRm9rrkkUAXShYCOc="
    },
    "tail": {
      "version": "2.0.3",
      "resolved": "https://registry.npmjs.org/tail/-/tail-2.0.3.tgz",
      "integrity": "sha512-s9NOGkLqqiDEtBttQZI7acLS8ycYK5sTlDwNjGnpXG9c8AWj0cfAtwEIzo/hVRMMiC5EYz+bXaJWC1u1u0GPpQ=="
    },
    "wolfy87-eventemitter": {
      "version": "5.2.4",
      "resolved": "https://registry.npmjs.org/wolfy87-eventemitter/-/wolfy87-eventemitter-5.2.4.tgz",
      "integrity": "sha512-yUOUSIzZxqBeu6VdnigqYHwwjy5N3CRX5XSHh/YcVpy+Qsx+HkHaEWdmdyAr3NvyBYDraOa5EfNIbu47T5QzIA=="
    },
    "ws": {
      "version": "7.0.0",
      "resolved": "https://registry.npmjs.org/ws/-/ws-7.0.0.tgz",
      "integrity": "sha512-cknCal4k0EAOrh1SHHPPWWh4qm93g1IuGGGwBjWkXmCG7LsDtL8w9w+YVfaF+KSVwiHQKDIMsSLBVftKf9d1pg==",
      "requires": {
        "async-limiter": "^1.0.0"
      }
    }
  }
}
