{
  "name": "genenotebook_cli",
  "version": "0.3.1-0",
  "lockfileVersion": 2,
  "requires": true,
  "packages": {
    "": {
      "name": "genenotebook_cli",
      "version": "0.3.1-0",
      "license": "ISC",
      "dependencies": {
        "asteroid": "^2.0.3",
        "commander": "^9.0.0",
        "tail": "^2.0.3",
        "ws": "^7.4.6"
      }
    },
    "node_modules/asteroid": {
      "version": "2.0.3",
      "resolved": "https://registry.npmjs.org/asteroid/-/asteroid-2.0.3.tgz",
      "integrity": "sha1-8HgH49U/N1nEbqSl0SVGp7G8FOM=",
      "dependencies": {
        "ddp.js": "^2.2.0",
        "lodash.assign": "^4.2.0",
        "wolfy87-eventemitter": "^5.1.0"
      }
    },
    "node_modules/commander": {
      "version": "9.0.0",
      "resolved": "https://registry.npmjs.org/commander/-/commander-9.0.0.tgz",
      "integrity": "sha512-JJfP2saEKbQqvW+FI93OYUB4ByV5cizMpFMiiJI8xDbBvQvSkIk0VvQdn1CZ8mqAO8Loq2h0gYTYtDFUZUeERw==",
      "engines": {
        "node": "^12.20.0 || >=14"
      }
    },
    "node_modules/ddp.js": {
      "version": "2.2.1",
      "resolved": "https://registry.npmjs.org/ddp.js/-/ddp.js-2.2.1.tgz",
      "integrity": "sha512-hVcJMnYYd+V17zjxBeoHEF9BHxliY+BCTgtT8Oq0QiIfffLT1C4wtHstfWHBbWRG6uoe/eW6IdmKVJ490/pG5g==",
      "dependencies": {
        "wolfy87-eventemitter": "^5.2.3"
      }
    },
    "node_modules/lodash.assign": {
      "version": "4.2.0",
      "resolved": "https://registry.npmjs.org/lodash.assign/-/lodash.assign-4.2.0.tgz",
      "integrity": "sha1-DZnzzNem0mHRm9rrkkUAXShYCOc="
    },
    "node_modules/tail": {
      "version": "2.2.4",
      "resolved": "https://registry.npmjs.org/tail/-/tail-2.2.4.tgz",
      "integrity": "sha512-PX8klSxW1u3SdgDrDeewh5GNE+hkJ4h02JvHfV6YrHqWOVJ88nUdSQqtsUf/gWhgZlPAws3fiZ+F1f8euspcuQ==",
      "engines": {
        "node": ">= 6.0.0"
      }
    },
    "node_modules/wolfy87-eventemitter": {
      "version": "5.2.9",
      "resolved": "https://registry.npmjs.org/wolfy87-eventemitter/-/wolfy87-eventemitter-5.2.9.tgz",
      "integrity": "sha512-P+6vtWyuDw+MB01X7UeF8TaHBvbCovf4HPEMF/SV7BdDc1SMTiBy13SRD71lQh4ExFTG1d/WNzDGDCyOKSMblw=="
    },
    "node_modules/ws": {
      "version": "7.5.6",
      "resolved": "https://registry.npmjs.org/ws/-/ws-7.5.6.tgz",
      "integrity": "sha512-6GLgCqo2cy2A2rjCNFlxQS6ZljG/coZfZXclldI8FB/1G3CCI36Zd8xy2HrFVACi8tfk5XrgLQEk+P0Tnz9UcA==",
      "engines": {
        "node": ">=8.3.0"
      },
      "peerDependencies": {
        "bufferutil": "^4.0.1",
        "utf-8-validate": "^5.0.2"
      },
      "peerDependenciesMeta": {
        "bufferutil": {
          "optional": true
        },
        "utf-8-validate": {
          "optional": true
        }
      }
    }
  },
  "dependencies": {
    "asteroid": {
      "version": "2.0.3",
      "resolved": "https://registry.npmjs.org/asteroid/-/asteroid-2.0.3.tgz",
      "integrity": "sha1-8HgH49U/N1nEbqSl0SVGp7G8FOM=",
      "requires": {
        "ddp.js": "^2.2.0",
        "lodash.assign": "^4.2.0",
        "wolfy87-eventemitter": "^5.1.0"
      }
    },
    "commander": {
      "version": "9.0.0",
      "resolved": "https://registry.npmjs.org/commander/-/commander-9.0.0.tgz",
      "integrity": "sha512-JJfP2saEKbQqvW+FI93OYUB4ByV5cizMpFMiiJI8xDbBvQvSkIk0VvQdn1CZ8mqAO8Loq2h0gYTYtDFUZUeERw=="
    },
    "ddp.js": {
      "version": "2.2.1",
      "resolved": "https://registry.npmjs.org/ddp.js/-/ddp.js-2.2.1.tgz",
      "integrity": "sha512-hVcJMnYYd+V17zjxBeoHEF9BHxliY+BCTgtT8Oq0QiIfffLT1C4wtHstfWHBbWRG6uoe/eW6IdmKVJ490/pG5g==",
      "requires": {
        "wolfy87-eventemitter": "^5.2.3"
      }
    },
    "lodash.assign": {
      "version": "4.2.0",
      "resolved": "https://registry.npmjs.org/lodash.assign/-/lodash.assign-4.2.0.tgz",
      "integrity": "sha1-DZnzzNem0mHRm9rrkkUAXShYCOc="
    },
    "tail": {
      "version": "2.2.4",
      "resolved": "https://registry.npmjs.org/tail/-/tail-2.2.4.tgz",
      "integrity": "sha512-PX8klSxW1u3SdgDrDeewh5GNE+hkJ4h02JvHfV6YrHqWOVJ88nUdSQqtsUf/gWhgZlPAws3fiZ+F1f8euspcuQ=="
    },
    "wolfy87-eventemitter": {
      "version": "5.2.9",
      "resolved": "https://registry.npmjs.org/wolfy87-eventemitter/-/wolfy87-eventemitter-5.2.9.tgz",
      "integrity": "sha512-P+6vtWyuDw+MB01X7UeF8TaHBvbCovf4HPEMF/SV7BdDc1SMTiBy13SRD71lQh4ExFTG1d/WNzDGDCyOKSMblw=="
    },
    "ws": {
      "version": "7.5.6",
      "resolved": "https://registry.npmjs.org/ws/-/ws-7.5.6.tgz",
      "integrity": "sha512-6GLgCqo2cy2A2rjCNFlxQS6ZljG/coZfZXclldI8FB/1G3CCI36Zd8xy2HrFVACi8tfk5XrgLQEk+P0Tnz9UcA==",
      "requires": {}
    }
  }
}
